lockfileVersion: '9.0'

settings:
  autoInstallPeers: true
  excludeLinksFromLockfile: false

importers:

  .:
    devDependencies:
      rolldown-vite:
        specifier: ^7.0.0
        version: 7.0.0
      typescript:
        specifier: ^5.8.3
        version: 5.8.3

packages:

  '@emnapi/core@1.4.3':
    resolution: {integrity: sha512-4m62DuCE07lw01soJwPiBGC0nAww0Q+RY70VZ+n49yDIO13yyinhbWCeNnaob0lakDtWQzSdtNWzJeOJt2ma+g==}

  '@emnapi/runtime@1.4.3':
    resolution: {integrity: sha512-pBPWdu6MLKROBX05wSNKcNb++m5Er+KQ9QkB+WVM+pW2Kx9hoSrVTnu3BdkI5eBLZoKu/J6mW/B6i6bJB2ytXQ==}

  '@emnapi/wasi-threads@1.0.2':
    resolution: {integrity: sha512-5n3nTJblwRi8LlXkJ9eBzu+kZR8Yxcc7ubakyQTFzPMtIhFpUBRbsnc2Dv88IZDIbCDlBiWrknhB4Lsz7mg6BA==}

  '@napi-rs/wasm-runtime@0.2.11':
    resolution: {integrity: sha512-9DPkXtvHydrcOsopiYpUgPHpmj0HWZKMUnL2dZqpvC42lsratuBG06V5ipyno0fUek5VlFsNQ+AcFATSrJXgMA==}

  '@oxc-project/runtime@0.73.2':
    resolution: {integrity: sha512-wbUN3K3zjMRHxAsNm1nKHebSnDY800b3LxQFTr9wSZpdQdhiQQAZpRIFsYjh0sAotoyqahN576sB1DmpPUhl5Q==}
    engines: {node: '>=6.9.0'}

  '@oxc-project/types@0.73.2':
    resolution: {integrity: sha512-kU2FjfCb9VTNg/KbOTKVi2sYrKTkNQYq1Fi1v1jCKjbUGA9wqkNDqijNBLeDwagFtDuK2EIWvTzNDYU4k/918g==}

  '@rolldown/binding-darwin-arm64@1.0.0-beta.18':
    resolution: {integrity: sha512-F1kqKxIuh9XM6ViC3/Ltz6ARpyUo6b1b2Lo1BhMwR5KwQ06OdOAOY9fmVW5XJ9hHYzABGgvH4hfjtYad0KshAA==}
    cpu: [arm64]
    os: [darwin]

  '@rolldown/binding-darwin-x64@1.0.0-beta.18':
    resolution: {integrity: sha512-yTBBCYbjFJSekFqv+JL6NEIvvbCZ00Z+GPT/PfgOy+jv+4nOh6Aq8pfzjtt8unSydiAihDdYwBEynXqcCTy5+g==}
    cpu: [x64]
    os: [darwin]

  '@rolldown/binding-freebsd-x64@1.0.0-beta.18':
    resolution: {integrity: sha512-chPkl0kricdSUXI/BgQmTpWppXT0tAv9gqLR7dNEHjdmYC1Dc/I8BEqiNXPkVNY4g2mtprxH3kcKTDiOqTT0Ag==}
    cpu: [x64]
    os: [freebsd]

  '@rolldown/binding-linux-arm-gnueabihf@1.0.0-beta.18':
    resolution: {integrity: sha512-jxiVMjr4jtoGirq5WW27RtcctLTXTelNEOSkWEf4m++6Mz1wOaaszSwP7X2MbUts/oaiSAqxdznovkL9Pb6fKg==}
    cpu: [arm]
    os: [linux]

  '@rolldown/binding-linux-arm64-gnu@1.0.0-beta.18':
    resolution: {integrity: sha512-1sPHSN70R2tAc0/YTzpWfRwz5v+GtA+sfI3qS37dO5esWqWSWYPTX75I2H6CSjJlSxe08K40NuSB7gPaVBtUjg==}
    cpu: [arm64]
    os: [linux]
    libc: [glibc]

  '@rolldown/binding-linux-arm64-musl@1.0.0-beta.18':
    resolution: {integrity: sha512-3dEGJz4GkZeUofdN1rmeep7tab0/ZR/bwkx2zoIpbEJ/k01IwR3U/Ee141+uiF9cOB3afFYaRGAHkbYwWY/hPg==}
    cpu: [arm64]
    os: [linux]
    libc: [musl]

  '@rolldown/binding-linux-x64-gnu@1.0.0-beta.18':
    resolution: {integrity: sha512-e7ey7JguX3mseJdIsxLPR4x6ERGlN1AmulQqX6xWHOoEMQqU7nmHd2GZfJVBPQNUg4Vpw15bryPZnVdMljCdUQ==}
    cpu: [x64]
    os: [linux]
    libc: [glibc]

  '@rolldown/binding-linux-x64-musl@1.0.0-beta.18':
    resolution: {integrity: sha512-GsEWnxn1locPdsiiQ6pvAkzcAI+nXcjsEfgUqA9oy4FDSKhLJUXvh/m/6bnTJn80aDFBlrkn2+pAWBtkMcA19g==}
    cpu: [x64]
    os: [linux]
    libc: [musl]

  '@rolldown/binding-wasm32-wasi@1.0.0-beta.18':
    resolution: {integrity: sha512-BO3zogNUQpQARwnZP8DXlfghoD7mn6QfeY8EJhVsZS/hRZIUXJJqGJ4gdMHa5OJgwt64/Dc5mM0g1cI7gLHeCw==}
    engines: {node: '>=14.21.3'}
    cpu: [wasm32]

  '@rolldown/binding-win32-arm64-msvc@1.0.0-beta.18':
    resolution: {integrity: sha512-52GjiZ7xF0VcU9OpieR9bYDLAikFHxUC8mHWisF3RjTcfjMIvRjx9NfBeyqAGBMwTnIEg1KbJr/KEsd3R9I5Yw==}
    cpu: [arm64]
    os: [win32]

  '@rolldown/binding-win32-ia32-msvc@1.0.0-beta.18':
    resolution: {integrity: sha512-aTT1PV/aYYVc8VbXcHxf6swiYq8SylvkOMi16K/mJJTDA1W8rL2VL5eei5W8W5KDs9qHBMK0lqFFiY7y9JcdLw==}
    cpu: [ia32]
    os: [win32]

  '@rolldown/binding-win32-x64-msvc@1.0.0-beta.18':
    resolution: {integrity: sha512-JDrmS5t/51D5q3+ZZEvj6cjDxXrB5/x7ijaSaMImaTqnbxt7B4R+Nnis95OfTSwuy3gybBWVNEO9O0Aw4DasWg==}
    cpu: [x64]
    os: [win32]

  '@rolldown/pluginutils@1.0.0-beta.18':
    resolution: {integrity: sha512-sHG++r1AOeQrzp0Lm3w9TBuaMHty3rU4yCZ4Vd/s428dvv3eTIhuRqHPHJCBlVpZjOJ5b4ZcBPTyRCsDKFt2+w==}

  '@tybys/wasm-util@0.9.0':
    resolution: {integrity: sha512-6+7nlbMVX/PVDCwaIQ8nTOPveOcFLSt8GcXdx8hD0bt39uWxYT88uXzqTd4fTvqta7oeUJqudepapKNt2DYJFw==}

  ansis@4.1.0:
    resolution: {integrity: sha512-BGcItUBWSMRgOCe+SVZJ+S7yTRG0eGt9cXAHev72yuGcY23hnLA7Bky5L/xLyPINoSN95geovfBkqoTlNZYa7w==}
    engines: {node: '>=14'}

  detect-libc@2.0.4:
    resolution: {integrity: sha512-3UDv+G9CsCKO1WKMGw9fwq/SWJYbI0c5Y7LU1AXYoDdbhE2AHQ6N6Nb34sG8Fj7T5APy8qXDCKuuIHd1BR0tVA==}
    engines: {node: '>=8'}

  fdir@6.4.6:
    resolution: {integrity: sha512-hiFoqpyZcfNm1yc4u8oWCf9A2c4D3QjCrks3zmoVKVxpQRzmPNar1hUJcBG2RQHvEVGDN+Jm81ZheVLAQMK6+w==}
    peerDependencies:
      picomatch: ^3 || ^4
    peerDependenciesMeta:
      picomatch:
        optional: true

  fsevents@2.3.3:
    resolution: {integrity: sha512-5xoDfX+fL7faATnagmWPpbFtwh/R77WmMMqqHGS65C3vvB0YHrgF+B1YmZ3441tMj5n63k0212XNoJwzlhffQw==}
    engines: {node: ^8.16.0 || ^10.6.0 || >=11.0.0}
    os: [darwin]

  lightningcss-darwin-arm64@1.30.1:
    resolution: {integrity: sha512-c8JK7hyE65X1MHMN+Viq9n11RRC7hgin3HhYKhrMyaXflk5GVplZ60IxyoVtzILeKr+xAJwg6zK6sjTBJ0FKYQ==}
    engines: {node: '>= 12.0.0'}
    cpu: [arm64]
    os: [darwin]

  lightningcss-darwin-x64@1.30.1:
    resolution: {integrity: sha512-k1EvjakfumAQoTfcXUcHQZhSpLlkAuEkdMBsI/ivWw9hL+7FtilQc0Cy3hrx0AAQrVtQAbMI7YjCgYgvn37PzA==}
    engines: {node: '>= 12.0.0'}
    cpu: [x64]
    os: [darwin]

  lightningcss-freebsd-x64@1.30.1:
    resolution: {integrity: sha512-kmW6UGCGg2PcyUE59K5r0kWfKPAVy4SltVeut+umLCFoJ53RdCUWxcRDzO1eTaxf/7Q2H7LTquFHPL5R+Gjyig==}
    engines: {node: '>= 12.0.0'}
    cpu: [x64]
    os: [freebsd]

  lightningcss-linux-arm-gnueabihf@1.30.1:
    resolution: {integrity: sha512-MjxUShl1v8pit+6D/zSPq9S9dQ2NPFSQwGvxBCYaBYLPlCWuPh9/t1MRS8iUaR8i+a6w7aps+B4N0S1TYP/R+Q==}
    engines: {node: '>= 12.0.0'}
    cpu: [arm]
    os: [linux]

  lightningcss-linux-arm64-gnu@1.30.1:
    resolution: {integrity: sha512-gB72maP8rmrKsnKYy8XUuXi/4OctJiuQjcuqWNlJQ6jZiWqtPvqFziskH3hnajfvKB27ynbVCucKSm2rkQp4Bw==}
    engines: {node: '>= 12.0.0'}
    cpu: [arm64]
    os: [linux]
    libc: [glibc]

  lightningcss-linux-arm64-musl@1.30.1:
    resolution: {integrity: sha512-jmUQVx4331m6LIX+0wUhBbmMX7TCfjF5FoOH6SD1CttzuYlGNVpA7QnrmLxrsub43ClTINfGSYyHe2HWeLl5CQ==}
    engines: {node: '>= 12.0.0'}
    cpu: [arm64]
    os: [linux]
    libc: [musl]

  lightningcss-linux-x64-gnu@1.30.1:
    resolution: {integrity: sha512-piWx3z4wN8J8z3+O5kO74+yr6ze/dKmPnI7vLqfSqI8bccaTGY5xiSGVIJBDd5K5BHlvVLpUB3S2YCfelyJ1bw==}
    engines: {node: '>= 12.0.0'}
    cpu: [x64]
    os: [linux]
    libc: [glibc]

  lightningcss-linux-x64-musl@1.30.1:
    resolution: {integrity: sha512-rRomAK7eIkL+tHY0YPxbc5Dra2gXlI63HL+v1Pdi1a3sC+tJTcFrHX+E86sulgAXeI7rSzDYhPSeHHjqFhqfeQ==}
    engines: {node: '>= 12.0.0'}
    cpu: [x64]
    os: [linux]
    libc: [musl]

  lightningcss-win32-arm64-msvc@1.30.1:
    resolution: {integrity: sha512-mSL4rqPi4iXq5YVqzSsJgMVFENoa4nGTT/GjO2c0Yl9OuQfPsIfncvLrEW6RbbB24WtZ3xP/2CCmI3tNkNV4oA==}
    engines: {node: '>= 12.0.0'}
    cpu: [arm64]
    os: [win32]

  lightningcss-win32-x64-msvc@1.30.1:
    resolution: {integrity: sha512-PVqXh48wh4T53F/1CCu8PIPCxLzWyCnn/9T5W1Jpmdy5h9Cwd+0YQS6/LwhHXSafuc61/xg9Lv5OrCby6a++jg==}
    engines: {node: '>= 12.0.0'}
    cpu: [x64]
    os: [win32]

  lightningcss@1.30.1:
    resolution: {integrity: sha512-xi6IyHML+c9+Q3W0S4fCQJOym42pyurFiJUHEcEyHS0CeKzia4yZDEsLlqOFykxOdHpNy0NmvVO31vcSqAxJCg==}
    engines: {node: '>= 12.0.0'}

  nanoid@3.3.11:
    resolution: {integrity: sha512-N8SpfPUnUp1bK+PMYW8qSWdl9U+wwNWI4QKxOYDy9JAro3WMX7p2OeVRF9v+347pnakNevPmiHhNmZ2HbFA76w==}
    engines: {node: ^10 || ^12 || ^13.7 || ^14 || >=15.0.1}
    hasBin: true

  picocolors@1.1.1:
    resolution: {integrity: sha512-xceH2snhtb5M9liqDsmEw56le376mTZkEX/jEb/RxNFyegNul7eNslCXP9FDj/Lcu0X8KEyMceP2ntpaHrDEVA==}

  picomatch@4.0.2:
    resolution: {integrity: sha512-M7BAV6Rlcy5u+m6oPhAPFgJTzAioX/6B0DxyvDlo9l8+T3nLKbrczg2WLUyzd45L8RqfUMyGPzekbMvX2Ldkwg==}
    engines: {node: '>=12'}

  postcss@8.5.6:
    resolution: {integrity: sha512-3Ybi1tAuwAP9s0r1UQ2J4n5Y0G05bJkpUIO0/bI9MhwmD70S5aTWbXGBwxHrelT+XM1k6dM0pk+SwNkpTRN7Pg==}
    engines: {node: ^10 || ^12 || >=14}

  rolldown-vite@7.0.0:
    resolution: {integrity: sha512-iehVAG/B6EVinuHm1s++xZ2yM9sq5mrNZDKDIyhg6auZW8eq6LLoaVG/QkZrXBiqx8OSXUobwSJkK6k3fK3Pzg==}
    engines: {node: ^20.19.0 || >=22.12.0}
    hasBin: true
    peerDependencies:
      '@types/node': ^20.19.0 || >=22.12.0
      esbuild: ^0.25.0
      jiti: '>=1.21.0'
      less: ^4.0.0
      sass: ^1.70.0
      sass-embedded: ^1.70.0
      stylus: '>=0.54.8'
      sugarss: ^5.0.0
      terser: ^5.16.0
      tsx: ^4.8.1
      yaml: ^2.4.2
    peerDependenciesMeta:
      '@types/node':
        optional: true
      esbuild:
        optional: true
      jiti:
        optional: true
      less:
        optional: true
      sass:
        optional: true
      sass-embedded:
        optional: true
      stylus:
        optional: true
      sugarss:
        optional: true
      terser:
        optional: true
      tsx:
        optional: true
      yaml:
        optional: true

  rolldown@1.0.0-beta.18:
    resolution: {integrity: sha512-8svdqTMfF/LJ9ZS8NVT4pXAQDFXRrZFVyh9h+qbBprQ4Bge2dj1HkMl3b5LTJdvQY2ioWIBYsMBPw5TJ86j72Q==}
    hasBin: true

  source-map-js@1.2.1:
    resolution: {integrity: sha512-UXWMKhLOwVKb728IUtQPXxfYU+usdybtUrK/8uGE8CQMvrhOpwvzDBwj0QhSL7MQc7vIsISBG8VQ8+IDQxpfQA==}
    engines: {node: '>=0.10.0'}

  tinyglobby@0.2.14:
    resolution: {integrity: sha512-tX5e7OM1HnYr2+a2C/4V0htOcSQcoSTH9KgJnVvNm5zm/cyEWKJ7j7YutsH9CxMdtOkkLFy2AHrMci9IM8IPZQ==}
    engines: {node: '>=12.0.0'}

  tslib@2.8.1:
    resolution: {integrity: sha512-oJFu94HQb+KVduSUQL7wnpmqnfmLsOA/nAh6b6EH0wCEoK0/mPeXU6c3wKDV83MkOuHPRHtSXKKU99IBazS/2w==}

  typescript@5.8.3:
    resolution: {integrity: sha512-p1diW6TqL9L07nNxvRMM7hMMw4c5XOo/1ibL4aAIGmSAt9slTE1Xgw5KWuof2uTOvCg9BY7ZRi+GaF+7sfgPeQ==}
    engines: {node: '>=14.17'}
    hasBin: true

snapshots:

  '@emnapi/core@1.4.3':
    dependencies:
      '@emnapi/wasi-threads': 1.0.2
      tslib: 2.8.1
    optional: true

  '@emnapi/runtime@1.4.3':
    dependencies:
      tslib: 2.8.1
    optional: true

  '@emnapi/wasi-threads@1.0.2':
    dependencies:
      tslib: 2.8.1
    optional: true

  '@napi-rs/wasm-runtime@0.2.11':
    dependencies:
      '@emnapi/core': 1.4.3
      '@emnapi/runtime': 1.4.3
      '@tybys/wasm-util': 0.9.0
    optional: true

  '@oxc-project/runtime@0.73.2': {}

  '@oxc-project/types@0.73.2': {}

  '@rolldown/binding-darwin-arm64@1.0.0-beta.18':
    optional: true

  '@rolldown/binding-darwin-x64@1.0.0-beta.18':
    optional: true

  '@rolldown/binding-freebsd-x64@1.0.0-beta.18':
    optional: true

  '@rolldown/binding-linux-arm-gnueabihf@1.0.0-beta.18':
    optional: true

  '@rolldown/binding-linux-arm64-gnu@1.0.0-beta.18':
    optional: true

  '@rolldown/binding-linux-arm64-musl@1.0.0-beta.18':
    optional: true

  '@rolldown/binding-linux-x64-gnu@1.0.0-beta.18':
    optional: true

  '@rolldown/binding-linux-x64-musl@1.0.0-beta.18':
    optional: true

  '@rolldown/binding-wasm32-wasi@1.0.0-beta.18':
    dependencies:
      '@napi-rs/wasm-runtime': 0.2.11
    optional: true

  '@rolldown/binding-win32-arm64-msvc@1.0.0-beta.18':
    optional: true

  '@rolldown/binding-win32-ia32-msvc@1.0.0-beta.18':
    optional: true

  '@rolldown/binding-win32-x64-msvc@1.0.0-beta.18':
    optional: true

  '@rolldown/pluginutils@1.0.0-beta.18': {}

  '@tybys/wasm-util@0.9.0':
    dependencies:
      tslib: 2.8.1
    optional: true

  ansis@4.1.0: {}

  detect-libc@2.0.4: {}

  fdir@6.4.6(picomatch@4.0.2):
    optionalDependencies:
      picomatch: 4.0.2

  fsevents@2.3.3:
    optional: true

  lightningcss-darwin-arm64@1.30.1:
    optional: true

  lightningcss-darwin-x64@1.30.1:
    optional: true

  lightningcss-freebsd-x64@1.30.1:
    optional: true

  lightningcss-linux-arm-gnueabihf@1.30.1:
    optional: true

  lightningcss-linux-arm64-gnu@1.30.1:
    optional: true

  lightningcss-linux-arm64-musl@1.30.1:
    optional: true

  lightningcss-linux-x64-gnu@1.30.1:
    optional: true

  lightningcss-linux-x64-musl@1.30.1:
    optional: true

  lightningcss-win32-arm64-msvc@1.30.1:
    optional: true

  lightningcss-win32-x64-msvc@1.30.1:
    optional: true

  lightningcss@1.30.1:
    dependencies:
      detect-libc: 2.0.4
    optionalDependencies:
      lightningcss-darwin-arm64: 1.30.1
      lightningcss-darwin-x64: 1.30.1
      lightningcss-freebsd-x64: 1.30.1
      lightningcss-linux-arm-gnueabihf: 1.30.1
      lightningcss-linux-arm64-gnu: 1.30.1
      lightningcss-linux-arm64-musl: 1.30.1
      lightningcss-linux-x64-gnu: 1.30.1
      lightningcss-linux-x64-musl: 1.30.1
      lightningcss-win32-arm64-msvc: 1.30.1
      lightningcss-win32-x64-msvc: 1.30.1

  nanoid@3.3.11: {}

  picocolors@1.1.1: {}

  picomatch@4.0.2: {}

  postcss@8.5.6:
    dependencies:
      nanoid: 3.3.11
      picocolors: 1.1.1
      source-map-js: 1.2.1

  rolldown-vite@7.0.0:
    dependencies:
      '@oxc-project/runtime': 0.73.2
      fdir: 6.4.6(picomatch@4.0.2)
      lightningcss: 1.30.1
      picomatch: 4.0.2
      postcss: 8.5.6
      rolldown: 1.0.0-beta.18
      tinyglobby: 0.2.14
    optionalDependencies:
      fsevents: 2.3.3

  rolldown@1.0.0-beta.18:
    dependencies:
      '@oxc-project/runtime': 0.73.2
      '@oxc-project/types': 0.73.2
      '@rolldown/pluginutils': 1.0.0-beta.18
      ansis: 4.1.0
    optionalDependencies:
      '@rolldown/binding-darwin-arm64': 1.0.0-beta.18
      '@rolldown/binding-darwin-x64': 1.0.0-beta.18
      '@rolldown/binding-freebsd-x64': 1.0.0-beta.18
      '@rolldown/binding-linux-arm-gnueabihf': 1.0.0-beta.18
      '@rolldown/binding-linux-arm64-gnu': 1.0.0-beta.18
      '@rolldown/binding-linux-arm64-musl': 1.0.0-beta.18
      '@rolldown/binding-linux-x64-gnu': 1.0.0-beta.18
      '@rolldown/binding-linux-x64-musl': 1.0.0-beta.18
      '@rolldown/binding-wasm32-wasi': 1.0.0-beta.18
      '@rolldown/binding-win32-arm64-msvc': 1.0.0-beta.18
      '@rolldown/binding-win32-ia32-msvc': 1.0.0-beta.18
      '@rolldown/binding-win32-x64-msvc': 1.0.0-beta.18

  source-map-js@1.2.1: {}

  tinyglobby@0.2.14:
    dependencies:
      fdir: 6.4.6(picomatch@4.0.2)
      picomatch: 4.0.2

  tslib@2.8.1:
    optional: true

  typescript@5.8.3: {}
